
Microsoft Visual Studio Solution File, Format Version 12.00
# Visual Studio Version 17
VisualStudioVersion = 17.2.32630.192
MinimumVisualStudioVersion = 10.0.40219.1
Project("{FAE04EC0-301F-11D3-BF4B-00C04F79EFBC}") = "BitLaunch.API", "BitLaunch.API\BitLaunch.API.csproj", "{415BE920-F46D-4705-8C8F-F5D11683E4A0}"
EndProject
Global
	GlobalSection(SolutionConfigurationPlatforms) = preSolution
		Debug|Any CPU = Debug|Any CPU
		Release|Any CPU = Release|Any CPU
	EndGlobalSection
	GlobalSection(ProjectConfigurationPlatforms) = postSolution
		{415BE920-F46D-4705-8C8F-F5D11683E4A0}.Debug|Any CPU.ActiveCfg = Debug|Any CPU
		{415BE920-F46D-4705-8C8F-F5D11683E4A0}.Debug|Any CPU.Build.0 = Debug|Any CPU
		{415BE920-F46D-4705-8C8F-F5D11683E4A0}.Release|Any CPU.ActiveCfg = Release|Any CPU
		{415BE920-F46D-4705-8C8F-F5D11683E4A0}.Release|Any CPU.Build.0 = Release|Any CPU
	EndGlobalSection
	GlobalSection(SolutionProperties) = preSolution
		HideSolutionNode = FALSE
	EndGlobalSection
	GlobalSection(ExtensibilityGlobals) = postSolution
		SolutionGuid = {316E1029-80A1-4D1D-8970-8E0F488C55FE}
	EndGlobalSection
EndGlobal
